
Microsoft Visual Studio Solution File, Format Version 12.00
# Visual Studio Version 17
VisualStudioVersion = 17.3.32825.248
MinimumVisualStudioVersion = 10.0.40219.1
Project("{2150E333-8FDC-42A3-9474-1A3956D46DE8}") = "src", "src", "{E832563B-3DD6-4CCD-B5DA-91F89AE3B98A}"
EndProject
Project("{2150E333-8FDC-42A3-9474-1A3956D46DE8}") = "tests", "tests", "{27BBD260-1C33-4F57-925A-12AB922D6AB5}"
EndProject
Project("{FAE04EC0-301F-11D3-BF4B-00C04F79EFBC}") = "DNX.Extensions", "src\DNX.Extensions\DNX.Extensions.csproj", "{E2B8F640-BCFE-4BD7-B158-E7FE957A38CB}"
EndProject
Project("{2150E333-8FDC-42A3-9474-1A3956D46DE8}") = ".build", ".build", "{9E70C755-0A39-46EA-8063-0A3B594B7271}"
	ProjectSection(SolutionItems) = preProject
		.github\workflows\ci-build.yml = .github\workflows\ci-build.yml
	EndProjectSection
EndProject
Project("{FAE04EC0-301F-11D3-BF4B-00C04F79EFBC}") = "DNX.Extensions.Tests", "tests\DNX.Extensions.Tests\DNX.Extensions.Tests.csproj", "{B14EFA70-CA77-4439-9C08-357061B97E4D}"
EndProject
Project("{2150E333-8FDC-42A3-9474-1A3956D46DE8}") = ".code", ".code", "{5936EA03-F95A-4407-9149-A23F4A378E4E}"
EndProject
Global
	GlobalSection(SolutionConfigurationPlatforms) = preSolution
		Debug|Any CPU = Debug|Any CPU
		Release|Any CPU = Release|Any CPU
	EndGlobalSection
	GlobalSection(ProjectConfigurationPlatforms) = postSolution
		{E2B8F640-BCFE-4BD7-B158-E7FE957A38CB}.Debug|Any CPU.ActiveCfg = Debug|Any CPU
		{E2B8F640-BCFE-4BD7-B158-E7FE957A38CB}.Debug|Any CPU.Build.0 = Debug|Any CPU
		{E2B8F640-BCFE-4BD7-B158-E7FE957A38CB}.Release|Any CPU.ActiveCfg = Release|Any CPU
		{E2B8F640-BCFE-4BD7-B158-E7FE957A38CB}.Release|Any CPU.Build.0 = Release|Any CPU
		{B14EFA70-CA77-4439-9C08-357061B97E4D}.Debug|Any CPU.ActiveCfg = Debug|Any CPU
		{B14EFA70-CA77-4439-9C08-357061B97E4D}.Debug|Any CPU.Build.0 = Debug|Any CPU
		{B14EFA70-CA77-4439-9C08-357061B97E4D}.Release|Any CPU.ActiveCfg = Release|Any CPU
		{B14EFA70-CA77-4439-9C08-357061B97E4D}.Release|Any CPU.Build.0 = Release|Any CPU
	EndGlobalSection
	GlobalSection(SolutionProperties) = preSolution
		HideSolutionNode = FALSE
	EndGlobalSection
	GlobalSection(NestedProjects) = preSolution
		{E2B8F640-BCFE-4BD7-B158-E7FE957A38CB} = {E832563B-3DD6-4CCD-B5DA-91F89AE3B98A}
		{B14EFA70-CA77-4439-9C08-357061B97E4D} = {27BBD260-1C33-4F57-925A-12AB922D6AB5}
	EndGlobalSection
	GlobalSection(ExtensibilityGlobals) = postSolution
		SolutionGuid = {A971C3D4-3729-43C6-88E7-16371F03161F}
	EndGlobalSection
EndGlobal
